// !$*UTF8*$!
{
	archiveVersion = 1;
	classes = {
	};
	objectVersion = 50;
	objects = {

/* Begin PBXBuildFile section */
		240E8282240A5B7A00702572 /* AppDelegate.swift in Sources */ = {isa = PBXBuildFile; fileRef = 240E8281240A5B7A00702572 /* AppDelegate.swift */; };
		240E8284240A5B7A00702572 /* SceneDelegate.swift in Sources */ = {isa = PBXBuildFile; fileRef = 240E8283240A5B7A00702572 /* SceneDelegate.swift */; };
		240E8286240A5B7A00702572 /* ContentView.swift in Sources */ = {isa = PBXBuildFile; fileRef = 240E8285240A5B7A00702572 /* ContentView.swift */; };
		240E8288240A5B7B00702572 /* Assets.xcassets in Resources */ = {isa = PBXBuildFile; fileRef = 240E8287240A5B7B00702572 /* Assets.xcassets */; };
		240E828B240A5B7B00702572 /* Preview Assets.xcassets in Resources */ = {isa = PBXBuildFile; fileRef = 240E828A240A5B7B00702572 /* Preview Assets.xcassets */; };
		240E828E240A5B7B00702572 /* LaunchScreen.storyboard in Resources */ = {isa = PBXBuildFile; fileRef = 240E828C240A5B7B00702572 /* LaunchScreen.storyboard */; };
		240E8296240A672F00702572 /* CircleImage.swift in Sources */ = {isa = PBXBuildFile; fileRef = 240E8295240A672F00702572 /* CircleImage.swift */; };
		244FA312240BA66F00946E6B /* Landmark.swift in Sources */ = {isa = PBXBuildFile; fileRef = 244FA311240BA66F00946E6B /* Landmark.swift */; };
		244FA324240BA96B00946E6B /* yukon_charleyrivers.jpg in Resources */ = {isa = PBXBuildFile; fileRef = 244FA317240BA96A00946E6B /* yukon_charleyrivers.jpg */; };
		244FA325240BA96B00946E6B /* umbagog.jpg in Resources */ = {isa = PBXBuildFile; fileRef = 244FA318240BA96A00946E6B /* umbagog.jpg */; };
		244FA326240BA96B00946E6B /* icybay.jpg in Resources */ = {isa = PBXBuildFile; fileRef = 244FA319240BA96A00946E6B /* icybay.jpg */; };
		244FA327240BA96B00946E6B /* chincoteague.jpg in Resources */ = {isa = PBXBuildFile; fileRef = 244FA31A240BA96A00946E6B /* chincoteague.jpg */; };
		244FA328240BA96B00946E6B /* silversalmoncreek.jpg in Resources */ = {isa = PBXBuildFile; fileRef = 244FA31B240BA96B00946E6B /* silversalmoncreek.jpg */; };
		244FA329240BA96B00946E6B /* turtlerock.jpg in Resources */ = {isa = PBXBuildFile; fileRef = 244FA31C240BA96B00946E6B /* turtlerock.jpg */; };
		244FA32A240BA96B00946E6B /* lakemcdonald.jpg in Resources */ = {isa = PBXBuildFile; fileRef = 244FA31D240BA96B00946E6B /* lakemcdonald.jpg */; };
		244FA32B240BA96B00946E6B /* stmarylake.jpg in Resources */ = {isa = PBXBuildFile; fileRef = 244FA31E240BA96B00946E6B /* stmarylake.jpg */; };
		244FA32C240BA96B00946E6B /* twinlake.jpg in Resources */ = {isa = PBXBuildFile; fileRef = 244FA31F240BA96B00946E6B /* twinlake.jpg */; };
		244FA32D240BA96B00946E6B /* chilkoottrail.jpg in Resources */ = {isa = PBXBuildFile; fileRef = 244FA320240BA96B00946E6B /* chilkoottrail.jpg */; };
		244FA32E240BA96B00946E6B /* landmarkData.json in Resources */ = {isa = PBXBuildFile; fileRef = 244FA321240BA96B00946E6B /* landmarkData.json */; };
		244FA32F240BA96B00946E6B /* hiddenlake.jpg in Resources */ = {isa = PBXBuildFile; fileRef = 244FA322240BA96B00946E6B /* hiddenlake.jpg */; };
		244FA330240BA96B00946E6B /* rainbowlake.jpg in Resources */ = {isa = PBXBuildFile; fileRef = 244FA323240BA96B00946E6B /* rainbowlake.jpg */; };
		244FA332240BA9ED00946E6B /* LandmarkRow.swift in Sources */ = {isa = PBXBuildFile; fileRef = 244FA331240BA9ED00946E6B /* LandmarkRow.swift */; };
		2489EEF5240B9C1A00F71AAE /* MapView.swift in Sources */ = {isa = PBXBuildFile; fileRef = 2489EEF4240B9C1A00F71AAE /* MapView.swift */; };
		249237D0240BAD0000A85D29 /* Data.swift in Sources */ = {isa = PBXBuildFile; fileRef = 249237CF240BAD0000A85D29 /* Data.swift */; };
/* End PBXBuildFile section */

/* Begin PBXFileReference section */
		240E827E240A5B7A00702572 /* Landmarks.app */ = {isa = PBXFileReference; explicitFileType = wrapper.application; includeInIndex = 0; path = Landmarks.app; sourceTree = BUILT_PRODUCTS_DIR; };
		240E8281240A5B7A00702572 /* AppDelegate.swift */ = {isa = PBXFileReference; lastKnownFileType = sourcecode.swift; path = AppDelegate.swift; sourceTree = "<group>"; };
		240E8283240A5B7A00702572 /* SceneDelegate.swift */ = {isa = PBXFileReference; lastKnownFileType = sourcecode.swift; path = SceneDelegate.swift; sourceTree = "<group>"; };
		240E8285240A5B7A00702572 /* ContentView.swift */ = {isa = PBXFileReference; lastKnownFileType = sourcecode.swift; path = ContentView.swift; sourceTree = "<group>"; };
		240E8287240A5B7B00702572 /* Assets.xcassets */ = {isa = PBXFileReference; lastKnownFileType = folder.assetcatalog; path = Assets.xcassets; sourceTree = "<group>"; };
		240E828A240A5B7B00702572 /* Preview Assets.xcassets */ = {isa = PBXFileReference; lastKnownFileType = folder.assetcatalog; path = "Preview Assets.xcassets"; sourceTree = "<group>"; };
		240E828D240A5B7B00702572 /* Base */ = {isa = PBXFileReference; lastKnownFileType = file.storyboard; name = Base; path = Base.lproj/LaunchScreen.storyboard; sourceTree = "<group>"; };
		240E828F240A5B7B00702572 /* Info.plist */ = {isa = PBXFileReference; lastKnownFileType = text.plist.xml; path = Info.plist; sourceTree = "<group>"; };
		240E8295240A672F00702572 /* CircleImage.swift */ = {isa = PBXFileReference; lastKnownFileType = sourcecode.swift; path = CircleImage.swift; sourceTree = "<group>"; };
		244FA311240BA66F00946E6B /* Landmark.swift */ = {isa = PBXFileReference; lastKnownFileType = sourcecode.swift; path = Landmark.swift; sourceTree = "<group>"; };
		244FA317240BA96A00946E6B /* yukon_charleyrivers.jpg */ = {isa = PBXFileReference; lastKnownFileType = image.jpeg; path = yukon_charleyrivers.jpg; sourceTree = "<group>"; };
		244FA318240BA96A00946E6B /* umbagog.jpg */ = {isa = PBXFileReference; lastKnownFileType = image.jpeg; path = umbagog.jpg; sourceTree = "<group>"; };
		244FA319240BA96A00946E6B /* icybay.jpg */ = {isa = PBXFileReference; lastKnownFileType = image.jpeg; path = icybay.jpg; sourceTree = "<group>"; };
		244FA31A240BA96A00946E6B /* chincoteague.jpg */ = {isa = PBXFileReference; lastKnownFileType = image.jpeg; path = chincoteague.jpg; sourceTree = "<group>"; };
		244FA31B240BA96B00946E6B /* silversalmoncreek.jpg */ = {isa = PBXFileReference; lastKnownFileType = image.jpeg; path = silversalmoncreek.jpg; sourceTree = "<group>"; };
		244FA31C240BA96B00946E6B /* turtlerock.jpg */ = {isa = PBXFileReference; lastKnownFileType = image.jpeg; path = turtlerock.jpg; sourceTree = "<group>"; };
		244FA31D240BA96B00946E6B /* lakemcdonald.jpg */ = {isa = PBXFileReference; lastKnownFileType = image.jpeg; path = lakemcdonald.jpg; sourceTree = "<group>"; };
		244FA31E240BA96B00946E6B /* stmarylake.jpg */ = {isa = PBXFileReference; lastKnownFileType = image.jpeg; path = stmarylake.jpg; sourceTree = "<group>"; };
		244FA31F240BA96B00946E6B /* twinlake.jpg */ = {isa = PBXFileReference; lastKnownFileType = image.jpeg; path = twinlake.jpg; sourceTree = "<group>"; };
		244FA320240BA96B00946E6B /* chilkoottrail.jpg */ = {isa = PBXFileReference; lastKnownFileType = image.jpeg; path = chilkoottrail.jpg; sourceTree = "<group>"; };
		244FA321240BA96B00946E6B /* landmarkData.json */ = {isa = PBXFileReference; fileEncoding = 4; lastKnownFileType = text.json; name = landmarkData.json; path = ../../../../Documents/BuildingListsAndNavigation/StartingPoint/Landmarks/Landmarks/Resources/landmarkData.json; sourceTree = "<group>"; };
		244FA322240BA96B00946E6B /* hiddenlake.jpg */ = {isa = PBXFileReference; lastKnownFileType = image.jpeg; path = hiddenlake.jpg; sourceTree = "<group>"; };
		244FA323240BA96B00946E6B /* rainbowlake.jpg */ = {isa = PBXFileReference; lastKnownFileType = image.jpeg; path = rainbowlake.jpg; sourceTree = "<group>"; };
		244FA331240BA9ED00946E6B /* LandmarkRow.swift */ = {isa = PBXFileReference; lastKnownFileType = sourcecode.swift; path = LandmarkRow.swift; sourceTree = "<group>"; };
		2489EEF4240B9C1A00F71AAE /* MapView.swift */ = {isa = PBXFileReference; lastKnownFileType = sourcecode.swift; path = MapView.swift; sourceTree = "<group>"; };
		249237CF240BAD0000A85D29 /* Data.swift */ = {isa = PBXFileReference; fileEncoding = 4; lastKnownFileType = sourcecode.swift; path = Data.swift; sourceTree = "<group>"; };
/* End PBXFileReference section */

/* Begin PBXFrameworksBuildPhase section */
		240E827B240A5B7A00702572 /* Frameworks */ = {
			isa = PBXFrameworksBuildPhase;
			buildActionMask = 2147483647;
			files = (
			);
			runOnlyForDeploymentPostprocessing = 0;
		};
/* End PBXFrameworksBuildPhase section */

/* Begin PBXGroup section */
		240E8275240A5B7A00702572 = {
			isa = PBXGroup;
			children = (
				240E8280240A5B7A00702572 /* Landmarks */,
				240E827F240A5B7A00702572 /* Products */,
			);
			sourceTree = "<group>";
		};
		240E827F240A5B7A00702572 /* Products */ = {
			isa = PBXGroup;
			children = (
				240E827E240A5B7A00702572 /* Landmarks.app */,
			);
			name = Products;
			sourceTree = "<group>";
		};
		240E8280240A5B7A00702572 /* Landmarks */ = {
			isa = PBXGroup;
			children = (
				244FA316240BA94900946E6B /* Resource */,
				244FA315240BA93900946E6B /* Models */,
				240E8281240A5B7A00702572 /* AppDelegate.swift */,
				244FA331240BA9ED00946E6B /* LandmarkRow.swift */,
				240E8283240A5B7A00702572 /* SceneDelegate.swift */,
				240E8285240A5B7A00702572 /* ContentView.swift */,
				240E8287240A5B7B00702572 /* Assets.xcassets */,
				240E828C240A5B7B00702572 /* LaunchScreen.storyboard */,
				240E828F240A5B7B00702572 /* Info.plist */,
				240E8289240A5B7B00702572 /* Preview Content */,
				240E8295240A672F00702572 /* CircleImage.swift */,
				2489EEF4240B9C1A00F71AAE /* MapView.swift */,
			);
			path = Landmarks;
			sourceTree = "<group>";
		};
		240E8289240A5B7B00702572 /* Preview Content */ = {
			isa = PBXGroup;
			children = (
				240E828A240A5B7B00702572 /* Preview Assets.xcassets */,
			);
			path = "Preview Content";
			sourceTree = "<group>";
		};
		244FA315240BA93900946E6B /* Models */ = {
			isa = PBXGroup;
			children = (
				249237CF240BAD0000A85D29 /* Data.swift */,
				244FA311240BA66F00946E6B /* Landmark.swift */,
			);
			path = Models;
			sourceTree = "<group>";
		};
		244FA316240BA94900946E6B /* Resource */ = {
			isa = PBXGroup;
			children = (
				244FA320240BA96B00946E6B /* chilkoottrail.jpg */,
				244FA31A240BA96A00946E6B /* chincoteague.jpg */,
				244FA322240BA96B00946E6B /* hiddenlake.jpg */,
				244FA319240BA96A00946E6B /* icybay.jpg */,
				244FA31D240BA96B00946E6B /* lakemcdonald.jpg */,
				244FA321240BA96B00946E6B /* landmarkData.json */,
				244FA323240BA96B00946E6B /* rainbowlake.jpg */,
				244FA31B240BA96B00946E6B /* silversalmoncreek.jpg */,
				244FA31E240BA96B00946E6B /* stmarylake.jpg */,
				244FA31C240BA96B00946E6B /* turtlerock.jpg */,
				244FA31F240BA96B00946E6B /* twinlake.jpg */,
				244FA318240BA96A00946E6B /* umbagog.jpg */,
				244FA317240BA96A00946E6B /* yukon_charleyrivers.jpg */,
			);
			path = Resource;
			sourceTree = "<group>";
		};
/* End PBXGroup section */

/* Begin PBXNativeTarget section */
		240E827D240A5B7A00702572 /* Landmarks */ = {
			isa = PBXNativeTarget;
			buildConfigurationList = 240E8292240A5B7B00702572 /* Build configuration list for PBXNativeTarget "Landmarks" */;
			buildPhases = (
				240E827A240A5B7A00702572 /* Sources */,
				240E827B240A5B7A00702572 /* Frameworks */,
				240E827C240A5B7A00702572 /* Resources */,
			);
			buildRules = (
			);
			dependencies = (
			);
			name = Landmarks;
			productName = Landmarks;
			productReference = 240E827E240A5B7A00702572 /* Landmarks.app */;
			productType = "com.apple.product-type.application";
		};
/* End PBXNativeTarget section */

/* Begin PBXProject section */
		240E8276240A5B7A00702572 /* Project object */ = {
			isa = PBXProject;
			attributes = {
				LastSwiftUpdateCheck = 1110;
				LastUpgradeCheck = 1110;
				ORGANIZATIONNAME = "Ty Pham";
				TargetAttributes = {
					240E827D240A5B7A00702572 = {
						CreatedOnToolsVersion = 11.1;
					};
				};
			};
			buildConfigurationList = 240E8279240A5B7A00702572 /* Build configuration list for PBXProject "Landmarks" */;
			compatibilityVersion = "Xcode 9.3";
			developmentRegion = en;
			hasScannedForEncodings = 0;
			knownRegions = (
				en,
				Base,
			);
			mainGroup = 240E8275240A5B7A00702572;
			productRefGroup = 240E827F240A5B7A00702572 /* Products */;
			projectDirPath = "";
			projectRoot = "";
			targets = (
				240E827D240A5B7A00702572 /* Landmarks */,
			);
		};
/* End PBXProject section */

/* Begin PBXResourcesBuildPhase section */
		240E827C240A5B7A00702572 /* Resources */ = {
			isa = PBXResourcesBuildPhase;
			buildActionMask = 2147483647;
			files = (
				244FA325240BA96B00946E6B /* umbagog.jpg in Resources */,
				240E828E240A5B7B00702572 /* LaunchScreen.storyboard in Resources */,
				244FA328240BA96B00946E6B /* silversalmoncreek.jpg in Resources */,
				244FA329240BA96B00946E6B /* turtlerock.jpg in Resources */,
				240E828B240A5B7B00702572 /* Preview Assets.xcassets in Resources */,
				244FA32F240BA96B00946E6B /* hiddenlake.jpg in Resources */,
				244FA32B240BA96B00946E6B /* stmarylake.jpg in Resources */,
				240E8288240A5B7B00702572 /* Assets.xcassets in Resources */,
				244FA32E240BA96B00946E6B /* landmarkData.json in Resources */,
				244FA32A240BA96B00946E6B /* lakemcdonald.jpg in Resources */,
				244FA32D240BA96B00946E6B /* chilkoottrail.jpg in Resources */,
				244FA326240BA96B00946E6B /* icybay.jpg in Resources */,
				244FA327240BA96B00946E6B /* chincoteague.jpg in Resources */,
				244FA32C240BA96B00946E6B /* twinlake.jpg in Resources */,
				244FA324240BA96B00946E6B /* yukon_charleyrivers.jpg in Resources */,
				244FA330240BA96B00946E6B /* rainbowlake.jpg in Resources */,
			);
			runOnlyForDeploymentPostprocessing = 0;
		};
/* End PBXResourcesBuildPhase section */

/* Begin PBXSourcesBuildPhase section */
		240E827A240A5B7A00702572 /* Sources */ = {
			isa = PBXSourcesBuildPhase;
			buildActionMask = 2147483647;
			files = (
				240E8282240A5B7A00702572 /* AppDelegate.swift in Sources */,
				240E8296240A672F00702572 /* CircleImage.swift in Sources */,
				2489EEF5240B9C1A00F71AAE /* MapView.swift in Sources */,
				240E8284240A5B7A00702572 /* SceneDelegate.swift in Sources */,
				240E8286240A5B7A00702572 /* ContentView.swift in Sources */,
				244FA332240BA9ED00946E6B /* LandmarkRow.swift in Sources */,
				244FA312240BA66F00946E6B /* Landmark.swift in Sources */,
				249237D0240BAD0000A85D29 /* Data.swift in Sources */,
			);
			runOnlyForDeploymentPostprocessing = 0;
		};
/* End PBXSourcesBuildPhase section */

/* Begin PBXVariantGroup section */
		240E828C240A5B7B00702572 /* LaunchScreen.storyboard */ = {
			isa = PBXVariantGroup;
			children = (
				240E828D240A5B7B00702572 /* Base */,
			);
			name = LaunchScreen.storyboard;
			sourceTree = "<group>";
		};
/* End PBXVariantGroup section */

/* Begin XCBuildConfiguration section */
		240E8290240A5B7B00702572 /* Debug */ = {
			isa = XCBuildConfiguration;
			buildSettings = {
				ALWAYS_SEARCH_USER_PATHS = NO;
				CLANG_ANALYZER_NONNULL = YES;
				CLANG_ANALYZER_NUMBER_OBJECT_CONVERSION = YES_AGGRESSIVE;
				CLANG_CXX_LANGUAGE_STANDARD = "gnu++14";
				CLANG_CXX_LIBRARY = "libc++";
				CLANG_ENABLE_MODULES = YES;
				CLANG_ENABLE_OBJC_ARC = YES;
				CLANG_ENABLE_OBJC_WEAK = YES;
				CLANG_WARN_BLOCK_CAPTURE_AUTORELEASING = YES;
				CLANG_WARN_BOOL_CONVERSION = YES;
				CLANG_WARN_COMMA = YES;
				CLANG_WARN_CONSTANT_CONVERSION = YES;
				CLANG_WARN_DEPRECATED_OBJC_IMPLEMENTATIONS = YES;
				CLANG_WARN_DIRECT_OBJC_ISA_USAGE = YES_ERROR;
				CLANG_WARN_DOCUMENTATION_COMMENTS = YES;
				CLANG_WARN_EMPTY_BODY = YES;
				CLANG_WARN_ENUM_CONVERSION = YES;
				CLANG_WARN_INFINITE_RECURSION = YES;
				CLANG_WARN_INT_CONVERSION = YES;
				CLANG_WARN_NON_LITERAL_NULL_CONVERSION = YES;
				CLANG_WARN_OBJC_IMPLICIT_RETAIN_SELF = YES;
				CLANG_WARN_OBJC_LITERAL_CONVERSION = YES;
				CLANG_WARN_OBJC_ROOT_CLASS = YES_ERROR;
				CLANG_WARN_RANGE_LOOP_ANALYSIS = YES;
				CLANG_WARN_STRICT_PROTOTYPES = YES;
				CLANG_WARN_SUSPICIOUS_MOVE = YES;
				CLANG_WARN_UNGUARDED_AVAILABILITY = YES_AGGRESSIVE;
				CLANG_WARN_UNREACHABLE_CODE = YES;
				CLANG_WARN__DUPLICATE_METHOD_MATCH = YES;
				COPY_PHASE_STRIP = NO;
				DEBUG_INFORMATION_FORMAT = dwarf;
				ENABLE_STRICT_OBJC_MSGSEND = YES;
				ENABLE_TESTABILITY = YES;
				GCC_C_LANGUAGE_STANDARD = gnu11;
				GCC_DYNAMIC_NO_PIC = NO;
				GCC_NO_COMMON_BLOCKS = YES;
				GCC_OPTIMIZATION_LEVEL = 0;
				GCC_PREPROCESSOR_DEFINITIONS = (
					"DEBUG=1",
					"$(inherited)",
				);
				GCC_WARN_64_TO_32_BIT_CONVERSION = YES;
				GCC_WARN_ABOUT_RETURN_TYPE = YES_ERROR;
				GCC_WARN_UNDECLARED_SELECTOR = YES;
				GCC_WARN_UNINITIALIZED_AUTOS = YES_AGGRESSIVE;
				GCC_WARN_UNUSED_FUNCTION = YES;
				GCC_WARN_UNUSED_VARIABLE = YES;
				IPHONEOS_DEPLOYMENT_TARGET = 13.1;
				MTL_ENABLE_DEBUG_INFO = INCLUDE_SOURCE;
				MTL_FAST_MATH = YES;
				ONLY_ACTIVE_ARCH = YES;
				SDKROOT = iphoneos;
				SWIFT_ACTIVE_COMPILATION_CONDITIONS = DEBUG;
				SWIFT_OPTIMIZATION_LEVEL = "-Onone";
			};
			name = Debug;
		};
		240E8291240A5B7B00702572 /* Release */ = {
			isa = XCBuildConfiguration;
			buildSettings = {
				ALWAYS_SEARCH_USER_PATHS = NO;
				CLANG_ANALYZER_NONNULL = YES;
				CLANG_ANALYZER_NUMBER_OBJECT_CONVERSION = YES_AGGRESSIVE;
				CLANG_CXX_LANGUAGE_STANDARD = "gnu++14";
				CLANG_CXX_LIBRARY = "libc++";
				CLANG_ENABLE_MODULES = YES;
				CLANG_ENABLE_OBJC_ARC = YES;
				CLANG_ENABLE_OBJC_WEAK = YES;
				CLANG_WARN_BLOCK_CAPTURE_AUTORELEASING = YES;
				CLANG_WARN_BOOL_CONVERSION = YES;
				CLANG_WARN_COMMA = YES;
				CLANG_WARN_CONSTANT_CONVERSION = YES;
				CLANG_WARN_DEPRECATED_OBJC_IMPLEMENTATIONS = YES;
				CLANG_WARN_DIRECT_OBJC_ISA_USAGE = YES_ERROR;
				CLANG_WARN_DOCUMENTATION_COMMENTS = YES;
				CLANG_WARN_EMPTY_BODY = YES;
				CLANG_WARN_ENUM_CONVERSION = YES;
				CLANG_WARN_INFINITE_RECURSION = YES;
				CLANG_WARN_INT_CONVERSION = YES;
				CLANG_WARN_NON_LITERAL_NULL_CONVERSION = YES;
				CLANG_WARN_OBJC_IMPLICIT_RETAIN_SELF = YES;
				CLANG_WARN_OBJC_LITERAL_CONVERSION = YES;
				CLANG_WARN_OBJC_ROOT_CLASS = YES_ERROR;
				CLANG_WARN_RANGE_LOOP_ANALYSIS = YES;
				CLANG_WARN_STRICT_PROTOTYPES = YES;
				CLANG_WARN_SUSPICIOUS_MOVE = YES;
				CLANG_WARN_UNGUARDED_AVAILABILITY = YES_AGGRESSIVE;
				CLANG_WARN_UNREACHABLE_CODE = YES;
				CLANG_WARN__DUPLICATE_METHOD_MATCH = YES;
				COPY_PHASE_STRIP = NO;
				DEBUG_INFORMATION_FORMAT = "dwarf-with-dsym";
				ENABLE_NS_ASSERTIONS = NO;
				ENABLE_STRICT_OBJC_MSGSEND = YES;
				GCC_C_LANGUAGE_STANDARD = gnu11;
				GCC_NO_COMMON_BLOCKS = YES;
				GCC_WARN_64_TO_32_BIT_CONVERSION = YES;
				GCC_WARN_ABOUT_RETURN_TYPE = YES_ERROR;
				GCC_WARN_UNDECLARED_SELECTOR = YES;
				GCC_WARN_UNINITIALIZED_AUTOS = YES_AGGRESSIVE;
				GCC_WARN_UNUSED_FUNCTION = YES;
				GCC_WARN_UNUSED_VARIABLE = YES;
				IPHONEOS_DEPLOYMENT_TARGET = 13.1;
				MTL_ENABLE_DEBUG_INFO = NO;
				MTL_FAST_MATH = YES;
				SDKROOT = iphoneos;
				SWIFT_COMPILATION_MODE = wholemodule;
				SWIFT_OPTIMIZATION_LEVEL = "-O";
				VALIDATE_PRODUCT = YES;
			};
			name = Release;
		};
		240E8293240A5B7B00702572 /* Debug */ = {
			isa = XCBuildConfiguration;
			buildSettings = {
				ASSETCATALOG_COMPILER_APPICON_NAME = AppIcon;
				CODE_SIGN_STYLE = Automatic;
				DEVELOPMENT_ASSET_PATHS = "\"Landmarks/Preview Content\"";
				DEVELOPMENT_TEAM = DKPNHADEF7;
				ENABLE_PREVIEWS = YES;
				INFOPLIST_FILE = Landmarks/Info.plist;
				LD_RUNPATH_SEARCH_PATHS = (
					"$(inherited)",
					"@executable_path/Frameworks",
				);
				PRODUCT_BUNDLE_IDENTIFIER = typham.Landmarks;
				PRODUCT_NAME = "$(TARGET_NAME)";
				SWIFT_VERSION = 5.0;
				TARGETED_DEVICE_FAMILY = "1,2";
			};
			name = Debug;
		};
		240E8294240A5B7B00702572 /* Release */ = {
			isa = XCBuildConfiguration;
			buildSettings = {
				ASSETCATALOG_COMPILER_APPICON_NAME = AppIcon;
				CODE_SIGN_STYLE = Automatic;
				DEVELOPMENT_ASSET_PATHS = "\"Landmarks/Preview Content\"";
				DEVELOPMENT_TEAM = DKPNHADEF7;
				ENABLE_PREVIEWS = YES;
				INFOPLIST_FILE = Landmarks/Info.plist;
				LD_RUNPATH_SEARCH_PATHS = (
					"$(inherited)",
					"@executable_path/Frameworks",
				);
				PRODUCT_BUNDLE_IDENTIFIER = typham.Landmarks;
				PRODUCT_NAME = "$(TARGET_NAME)";
				SWIFT_VERSION = 5.0;
				TARGETED_DEVICE_FAMILY = "1,2";
			};
			name = Release;
		};
/* End XCBuildConfiguration section */

/* Begin XCConfigurationList section */
		240E8279240A5B7A00702572 /* Build configuration list for PBXProject "Landmarks" */ = {
			isa = XCConfigurationList;
			buildConfigurations = (
				240E8290240A5B7B00702572 /* Debug */,
				240E8291240A5B7B00702572 /* Release */,
			);
			defaultConfigurationIsVisible = 0;
			defaultConfigurationName = Release;
		};
		240E8292240A5B7B00702572 /* Build configuration list for PBXNativeTarget "Landmarks" */ = {
			isa = XCConfigurationList;
			buildConfigurations = (
				240E8293240A5B7B00702572 /* Debug */,
				240E8294240A5B7B00702572 /* Release */,
			);
			defaultConfigurationIsVisible = 0;
			defaultConfigurationName = Release;
		};
/* End XCConfigurationList section */
	};
	rootObject = 240E8276240A5B7A00702572 /* Project object */;
}
